
Microsoft Visual Studio Solution File, Format Version 12.00
# Visual Studio Version 16
VisualStudioVersion = 16.0.31424.327
MinimumVisualStudioVersion = 10.0.40219.1
Project("{FAE04EC0-301F-11D3-BF4B-00C04F79EFBC}") = "WpfAppTS", "WpfAppTS.csproj", "{658E05D0-9CA3-4A5E-9639-679E6808EB68}"
EndProject
Global
	GlobalSection(SolutionConfigurationPlatforms) = preSolution
		Debug|Any CPU = Debug|Any CPU
		Release|Any CPU = Release|Any CPU
	EndGlobalSection
	GlobalSection(ProjectConfigurationPlatforms) = postSolution
		{658E05D0-9CA3-4A5E-9639-679E6808EB68}.Debug|Any CPU.ActiveCfg = Debug|Any CPU
		{658E05D0-9CA3-4A5E-9639-679E6808EB68}.Debug|Any CPU.Build.0 = Debug|Any CPU
		{658E05D0-9CA3-4A5E-9639-679E6808EB68}.Release|Any CPU.ActiveCfg = Release|Any CPU
		{658E05D0-9CA3-4A5E-9639-679E6808EB68}.Release|Any CPU.Build.0 = Release|Any CPU
	EndGlobalSection
	GlobalSection(SolutionProperties) = preSolution
		HideSolutionNode = FALSE
	EndGlobalSection
	GlobalSection(ExtensibilityGlobals) = postSolution
		SolutionGuid = {686A1526-A9C0-4511-BCD5-D981D3FBAA50}
	EndGlobalSection
EndGlobal
